
Microsoft Visual Studio Solution File, Format Version 12.00
# Visual Studio Version 16
VisualStudioVersion = 16.0.31515.178
MinimumVisualStudioVersion = 10.0.40219.1
Project("{FAE04EC0-301F-11D3-BF4B-00C04F79EFBC}") = "SORCE", "SORCE\SORCE.csproj", "{79CAAD00-E1B7-4937-B2E8-5FC7FE72CB9B}"
EndProject
Global
	GlobalSection(SolutionConfigurationPlatforms) = preSolution
		Debug|Any CPU = Debug|Any CPU
		Release|Any CPU = Release|Any CPU
	EndGlobalSection
	GlobalSection(ProjectConfigurationPlatforms) = postSolution
		{79CAAD00-E1B7-4937-B2E8-5FC7FE72CB9B}.Debug|Any CPU.ActiveCfg = Debug|Any CPU
		{79CAAD00-E1B7-4937-B2E8-5FC7FE72CB9B}.Debug|Any CPU.Build.0 = Debug|Any CPU
		{79CAAD00-E1B7-4937-B2E8-5FC7FE72CB9B}.Release|Any CPU.ActiveCfg = Release|Any CPU
		{79CAAD00-E1B7-4937-B2E8-5FC7FE72CB9B}.Release|Any CPU.Build.0 = Release|Any CPU
	EndGlobalSection
	GlobalSection(SolutionProperties) = preSolution
		HideSolutionNode = FALSE
	EndGlobalSection
	GlobalSection(ExtensibilityGlobals) = postSolution
		SolutionGuid = {C16904B2-1387-47A0-AE69-87F91A1FD94E}
	EndGlobalSection
EndGlobal
